{
    "_meta": {
        "hash": {
            "sha256": "bfba888f94fa056efb37d2f3a187a2afff59e60e42b4dfc625c37427e852fbcc"
        },
        "pipfile-spec": 6,
        "requires": {
            "python_version": "3.8"
        },
        "sources": [
            {
                "name": "pypi",
                "url": "https://pypi.org/simple",
                "verify_ssl": true
            }
        ]
    },
    "default": {
        "docopt": {
            "hashes": [
                "sha256:49b3a825280bd66b3aa83585ef59c4a8c82f2c8a522dbe754a8bc8d08c85c491"
            ],
            "index": "pypi",
            "version": "==0.6.2"
        },
        "importlib-resources": {
            "hashes": [
                "sha256:6e2783b2538bd5a14678284a3962b0660c715e5a0f10243fd5e00a4b5974f50b",
                "sha256:d3279fd0f6f847cced9f7acc19bd3e5df54d34f93a2e7bb5f238f81545787078"
            ],
            "index": "pypi",
            "version": "==1.0.2"
        },
        "pyqt5": {
            "hashes": [
                "sha256:14737bb4673868d15fa91dad79fe293d7a93d76c56d01b3757b350b8dcb32b2d",
                "sha256:1936c321301f678d4e6703d52860e1955e5c4964e6fd00a1f86725ce5c29083c",
                "sha256:3f79de6e9f29e858516cc36ffc2b992e262af841f3799246aec282b76a3eccdf",
                "sha256:509daab1c5aca22e3cf9508128abf38e6e5ae311d7426b21f4189ffd66b196e9"
            ],
            "index": "pypi",
            "version": "==5.13.2"
        },
        "pyqt5-sip": {
            "hashes": [
                "sha256:0a34b6596bdd28d52da3a51fa8d9bb0b287bcb605c2512aa3251b9028cc71f4d",
                "sha256:1d65ce08a56282fb0273dd06585b8927b88d4fba71c01a54f8e2ac87ac1ed387",
                "sha256:224e2fbb7088595940c348d168a317caa2110cbb7a5b957a8c3fc0d9296ee069",
                "sha256:2a1153cda63f2632d3d5698f0cf29f6b1f1d5162305dc6f5b23336ad8f1039ed",
                "sha256:2a2239d16a49ce6eaf10166a84424543111f8ebe49d3c124d02af91b01a58425",
                "sha256:58eae636e0b1926cddec98a703319a47f671cef07d73aaa525ba421cd4adfeb5",
                "sha256:5c19c4ad67af087e8f4411da7422391b236b941f5f0697f615c5816455d1355d",
                "sha256:61aa60fb848d740581646603a12c2dcb8d7c4cbd2a9c476a1c891ec360ff0b87",
                "sha256:8d9f4dc7dbae9783c5dafd66801875a2ebf9302c3addd5739f772285c1c1e91c",
                "sha256:94c80677b1e8c92fa080e24045d54ace5e4343c4ee6d0216675cd91d6f8e122a",
                "sha256:9b69db29571dde679908fb237784a8e7af4a2cbf1b7bb25bdb86e487210e04d2",
                "sha256:9ef12754021bcc1246f97e00ea62b5594dd5c61192830639ab4a1640bd4b7940",
                "sha256:b1bbe763d431d26f9565cba3e99866768761366ab6d609d2506d194882156fa7",
                "sha256:d7b8a8f89385ad9e3da38e0123c22c0efc18005e0e2731b6b95e4c21db2049d2",
                "sha256:e6254647fa35e1260282aeb9c32a3dd363287b9a1ffcc4f22bd27e54178e92e4",
                "sha256:f4c294bfaf2be8004583266d4621bfd3a387e12946f548f966a7fbec91845f1b",
                "sha256:fa3d70f370604efc67085849d3d1d3d2109faa716c520faf601d15845df64de6"
            ],
            "version": "==12.8.0"
        },
        "vdf": {
            "hashes": [
                "sha256:9193901ce20ee08391c1d5044234b5da021d939b00ce879f5aae0a1a759577bc",
                "sha256:f88db3a3e66e7264da7fdacf0ffa1d99be52dd30510b2c1a1340171b227472e4"
            ],
            "index": "pypi",
            "version": "==3.3"
        }
    },
    "develop": {}
}
